
Microsoft Visual Studio Solution File, Format Version 12.00
# Visual Studio 15
VisualStudioVersion = 15.0.27703.2047
MinimumVisualStudioVersion = 10.0.40219.1
Project("{FAE04EC0-301F-11D3-BF4B-00C04F79EFBC}") = "Assembly-CSharp", "Assembly-CSharp.csproj", "{38EFB27B-7E02-F3FA-3455-DF0AB2FCCABF}"
EndProject
Project("{FAE04EC0-301F-11D3-BF4B-00C04F79EFBC}") = "Assembly-CSharp", "..\..\ShootingBeats\Assembly-CSharp.csproj", "{41F8305E-C215-3EE7-E08D-3A259C72111F}"
EndProject
Project("{FAE04EC0-301F-11D3-BF4B-00C04F79EFBC}") = "Assembly-CSharp-Editor", "..\..\ShootingBeats\Assembly-CSharp-Editor.csproj", "{90A4ECDD-56BC-0404-072C-A04B25586A26}"
EndProject
Global
	GlobalSection(SolutionConfigurationPlatforms) = preSolution
		Debug|Any CPU = Debug|Any CPU
		Release|Any CPU = Release|Any CPU
	EndGlobalSection
	GlobalSection(ProjectConfigurationPlatforms) = postSolution
		{38EFB27B-7E02-F3FA-3455-DF0AB2FCCABF}.Debug|Any CPU.ActiveCfg = Debug|Any CPU
		{38EFB27B-7E02-F3FA-3455-DF0AB2FCCABF}.Debug|Any CPU.Build.0 = Debug|Any CPU
		{38EFB27B-7E02-F3FA-3455-DF0AB2FCCABF}.Release|Any CPU.ActiveCfg = Release|Any CPU
		{38EFB27B-7E02-F3FA-3455-DF0AB2FCCABF}.Release|Any CPU.Build.0 = Release|Any CPU
		{41F8305E-C215-3EE7-E08D-3A259C72111F}.Debug|Any CPU.ActiveCfg = Debug|Any CPU
		{41F8305E-C215-3EE7-E08D-3A259C72111F}.Debug|Any CPU.Build.0 = Debug|Any CPU
		{41F8305E-C215-3EE7-E08D-3A259C72111F}.Release|Any CPU.ActiveCfg = Release|Any CPU
		{41F8305E-C215-3EE7-E08D-3A259C72111F}.Release|Any CPU.Build.0 = Release|Any CPU
		{90A4ECDD-56BC-0404-072C-A04B25586A26}.Debug|Any CPU.ActiveCfg = Debug|Any CPU
		{90A4ECDD-56BC-0404-072C-A04B25586A26}.Debug|Any CPU.Build.0 = Debug|Any CPU
		{90A4ECDD-56BC-0404-072C-A04B25586A26}.Release|Any CPU.ActiveCfg = Release|Any CPU
		{90A4ECDD-56BC-0404-072C-A04B25586A26}.Release|Any CPU.Build.0 = Release|Any CPU
	EndGlobalSection
	GlobalSection(SolutionProperties) = preSolution
		HideSolutionNode = FALSE
	EndGlobalSection
	GlobalSection(ExtensibilityGlobals) = postSolution
		SolutionGuid = {C7E87CAD-2B04-4E47-B272-1FC8AD9DCE4E}
	EndGlobalSection
EndGlobal
